
Microsoft Visual Studio Solution File, Format Version 12.00
# Visual Studio Version 17
VisualStudioVersion = 17.14.35821.62 d17.14
MinimumVisualStudioVersion = 10.0.40219.1
Project("{FAE04EC0-301F-11D3-BF4B-00C04F79EFBC}") = "Reproductor_multimedia", "Reproductor_multimedia\Reproductor_multimedia.csproj", "{979818D1-BD25-4FE7-A6CD-3B48F359DF72}"
EndProject
Global
	GlobalSection(SolutionConfigurationPlatforms) = preSolution
		Debug|Any CPU = Debug|Any CPU
		Release|Any CPU = Release|Any CPU
	EndGlobalSection
	GlobalSection(ProjectConfigurationPlatforms) = postSolution
		{979818D1-BD25-4FE7-A6CD-3B48F359DF72}.Debug|Any CPU.ActiveCfg = Debug|Any CPU
		{979818D1-BD25-4FE7-A6CD-3B48F359DF72}.Debug|Any CPU.Build.0 = Debug|Any CPU
		{979818D1-BD25-4FE7-A6CD-3B48F359DF72}.Release|Any CPU.ActiveCfg = Release|Any CPU
		{979818D1-BD25-4FE7-A6CD-3B48F359DF72}.Release|Any CPU.Build.0 = Release|Any CPU
	EndGlobalSection
	GlobalSection(SolutionProperties) = preSolution
		HideSolutionNode = FALSE
	EndGlobalSection
	GlobalSection(ExtensibilityGlobals) = postSolution
		SolutionGuid = {08A7523C-6AE9-40D9-94A4-FB7B63C4C446}
	EndGlobalSection
EndGlobal
